<?xml version="1.0" encoding="utf-8"?>
<Project ToolsVersion="4.0" xmlns="http://schemas.microsoft.com/developer/msbuild/2003">
  <ItemGroup>
    <Filter Include="Source Files">
      <UniqueIdentifier>{4FC737F1-C7A5-4376-A066-2A32D752A2FF}</UniqueIdentifier>
      <Extensions>cpp;c;cc;cxx;def;odl;idl;hpj;bat;asm;asmx</Extensions>
    </Filter>
    <Filter Include="Resource Files">
      <UniqueIdentifier>{67DA6AB6-F800-4c08-8B7A-83BB121AAD01}</UniqueIdentifier>
      <Extensions>rc;ico;cur;bmp;dlg;rc2;rct;bin;rgs;gif;jpg;jpeg;jpe;resx;tiff;tif;png;wav;mfcribbon-ms</Extensions>
    </Filter>
    <Filter Include="3rd_party">
      <UniqueIdentifier>{c5d0cad4-a533-4efa-a0a1-b7d2b3415b76}</UniqueIdentifier>
    </Filter>
    <Filter Include="tests">
      <UniqueIdentifier>{73dc0eae-0dd2-4a44-a602-2f300b4c2655}</UniqueIdentifier>
    </Filter>
    <Filter Include="tests\core">
      <UniqueIdentifier>{d1dbb470-2760-4f23-a55c-d670539c6869}</UniqueIdentifier>
    </Filter>
    <Filter Include="tests\math">
      <UniqueIdentifier>{10150ebf-127c-4866-aaad-9603505a6eca}</UniqueIdentifier>
    </Filter>
    <Filter Include="tests\geo">
      <UniqueIdentifier>{a3d60461-66fb-419f-86e9-d64998a6b88a}</UniqueIdentifier>
    </Filter>
  </ItemGroup>
  <ItemGroup>
    <ClInclude Include="..\..\..\3rd_party\catch.hpp">
      <Filter>3rd_party</Filter>
    </ClInclude>
    <ClInclude Include="..\..\..\tests\test_helpers.hpp">
      <Filter>tests</Filter>
    </ClInclude>
    <ClInclude Include="..\..\..\3rd_party\json.hpp">
      <Filter>3rd_party</Filter>
    </ClInclude>
  </ItemGroup>
  <ItemGroup>
    <ClCompile Include="main.cpp">
      <Filter>Source Files</Filter>
    </ClCompile>
    <ClCompile Include="..\..\..\tests\core\functors.test.cpp">
      <Filter>tests\core</Filter>
    </ClCompile>
    <ClCompile Include="..\..\..\tests\core\algorithm.test.cpp">
      <Filter>tests\core</Filter>
    </ClCompile>
    <ClCompile Include="..\..\..\tests\core\serialization.test.cpp">
      <Filter>tests\core</Filter>
    </ClCompile>
    <ClCompile Include="..\..\..\tests\core\ref_vector.test.cpp">
      <Filter>tests\core</Filter>
    </ClCompile>
    <ClCompile Include="..\..\..\tests\core\ptr_vector.test.cpp">
      <Filter>tests\core</Filter>
    </ClCompile>
    <ClCompile Include="..\..\..\tests\core\container_helpers.test.cpp">
      <Filter>tests\core</Filter>
    </ClCompile>
    <ClCompile Include="..\..\..\tests\core\algorithm_ext.test.cpp">
      <Filter>tests\core</Filter>
    </ClCompile>
    <ClCompile Include="..\..\..\tests\math\math_functors.test.cpp">
      <Filter>tests\math</Filter>
    </ClCompile>
    <ClCompile Include="..\..\..\tests\core\chunk.test.cpp">
      <Filter>tests\core</Filter>
    </ClCompile>
    <ClCompile Include="..\..\..\tests\core\filter.test.cpp">
      <Filter>tests\core</Filter>
    </ClCompile>
    <ClCompile Include="..\..\..\tests\core\iterate.test.cpp">
      <Filter>tests\core</Filter>
    </ClCompile>
    <ClCompile Include="..\..\..\tests\core\map.test.cpp">
      <Filter>tests\core</Filter>
    </ClCompile>
    <ClCompile Include="..\..\..\tests\core\numeric.test.cpp">
      <Filter>tests\core</Filter>
    </ClCompile>
    <ClCompile Include="..\..\..\tests\core\reverse.test.cpp">
      <Filter>tests\core</Filter>
    </ClCompile>
    <ClCompile Include="..\..\..\tests\core\slice.test.cpp">
      <Filter>tests\core</Filter>
    </ClCompile>
    <ClCompile Include="..\..\..\tests\core\zip.test.cpp">
      <Filter>tests\core</Filter>
    </ClCompile>
    <ClCompile Include="..\..\..\tests\math\matrix.test.cpp">
      <Filter>tests\math</Filter>
    </ClCompile>
    <ClCompile Include="..\..\..\tests\geo\interval.tests.cpp">
      <Filter>tests\geo</Filter>
    </ClCompile>
    <ClCompile Include="..\..\..\tests\math\vector.test.cpp">
      <Filter>tests\math</Filter>
    </ClCompile>
    <ClCompile Include="..\..\..\tests\math\regression.test.cpp">
      <Filter>tests\math</Filter>
    </ClCompile>
    <ClCompile Include="..\..\..\tests\geo\bounding_box.test.cpp">
      <Filter>tests\geo</Filter>
    </ClCompile>
    <ClCompile Include="..\..\..\tests\geo\vertex_array.test.cpp">
      <Filter>tests\geo</Filter>
    </ClCompile>
    <ClCompile Include="..\..\..\tests\geo\linear_shape.test.cpp">
      <Filter>tests\geo</Filter>
    </ClCompile>
    <ClCompile Include="..\..\..\tests\geo\vertex_container.test.cpp">
      <Filter>tests\geo</Filter>
    </ClCompile>
    <ClCompile Include="..\..\..\tests\geo\poly_shape.test.cpp">
      <Filter>tests\geo</Filter>
    </ClCompile>
    <ClCompile Include="..\..\..\tests\geo\contains.test.cpp">
      <Filter>tests\geo</Filter>
    </ClCompile>
    <ClCompile Include="..\..\..\tests\geo\interval_operations.test.cpp">
      <Filter>tests\geo</Filter>
    </ClCompile>
    <ClCompile Include="..\..\..\tests\geo\intersects.test.cpp">
      <Filter>tests\geo</Filter>
    </ClCompile>
    <ClCompile Include="..\..\..\tests\core\flat_map.test.cpp">
      <Filter>tests\core</Filter>
    </ClCompile>
  </ItemGroup>
</Project>