<?xml version="1.0" encoding="utf-8"?>
<Project ToolsVersion="4.0" xmlns="http://schemas.microsoft.com/developer/msbuild/2003">
  <ItemGroup>
    <Filter Include="Source Files">
      <UniqueIdentifier>{4FC737F1-C7A5-4376-A066-2A32D752A2FF}</UniqueIdentifier>
      <Extensions>cpp;c;cc;cxx;def;odl;idl;hpj;bat;asm;asmx</Extensions>
    </Filter>
    <Filter Include="Header Files">
      <UniqueIdentifier>{93995380-89BD-4b04-88EB-625FBE52EBFB}</UniqueIdentifier>
      <Extensions>h;hh;hpp;hxx;hm;inl;inc;ipp;xsd</Extensions>
    </Filter>
    <Filter Include="Resource Files">
      <UniqueIdentifier>{67DA6AB6-F800-4c08-8B7A-83BB121AAD01}</UniqueIdentifier>
      <Extensions>rc;ico;cur;bmp;dlg;rc2;rct;bin;rgs;gif;jpg;jpeg;jpe;resx;tiff;tif;png;wav;mfcribbon-ms</Extensions>
    </Filter>
    <Filter Include="Header Files\cpp_essentials">
      <UniqueIdentifier>{75e59e34-55c9-47fa-815f-e0acb2e316d0}</UniqueIdentifier>
    </Filter>
    <Filter Include="Header Files\cpp_essentials\core">
      <UniqueIdentifier>{b43cea5c-3dae-4df7-8978-a55d89a08b92}</UniqueIdentifier>
    </Filter>
    <Filter Include="Header Files\cpp_essentials\concepts">
      <UniqueIdentifier>{3f7fb754-5b8e-4c6b-b6b8-5a4da80e82ed}</UniqueIdentifier>
    </Filter>
    <Filter Include="Header Files\cpp_essentials\sq">
      <UniqueIdentifier>{ceab8fdb-6f00-491b-b57b-8ea312197c8b}</UniqueIdentifier>
    </Filter>
    <Filter Include="Header Files\cpp_essentials\sq\detail">
      <UniqueIdentifier>{4f4f4ea7-59e6-4770-8a1a-63e4334d8efe}</UniqueIdentifier>
    </Filter>
    <Filter Include="Header Files\cpp_essentials\cc">
      <UniqueIdentifier>{f232849d-1a63-46b3-aa81-e83d2084ba35}</UniqueIdentifier>
    </Filter>
    <Filter Include="Header Files\cpp_essentials\core\detail">
      <UniqueIdentifier>{ba71e44a-2f97-40dd-9fb1-9855ceb3d980}</UniqueIdentifier>
    </Filter>
    <Filter Include="Header Files\cpp_essentials\math">
      <UniqueIdentifier>{c63fa85d-7b27-4183-a8b4-b06e292df07f}</UniqueIdentifier>
    </Filter>
  </ItemGroup>
  <ItemGroup>
    <ClInclude Include="targetver.h">
      <Filter>Header Files</Filter>
    </ClInclude>
    <ClInclude Include="..\..\..\include\cpp_essentials\core\functors.hpp">
      <Filter>Header Files\cpp_essentials\core</Filter>
    </ClInclude>
    <ClInclude Include="..\..\..\include\cpp_essentials\core\iterator_range.hpp">
      <Filter>Header Files\cpp_essentials\core</Filter>
    </ClInclude>
    <ClInclude Include="..\..\..\include\cpp_essentials\core\optional.hpp">
      <Filter>Header Files\cpp_essentials\core</Filter>
    </ClInclude>
    <ClInclude Include="..\..\..\include\cpp_essentials\core\assertions.hpp">
      <Filter>Header Files\cpp_essentials\core</Filter>
    </ClInclude>
    <ClInclude Include="..\..\..\include\cpp_essentials\core\exceptions.hpp">
      <Filter>Header Files\cpp_essentials\core</Filter>
    </ClInclude>
    <ClInclude Include="..\..\..\include\cpp_essentials\concepts\concepts.hpp">
      <Filter>Header Files\cpp_essentials\concepts</Filter>
    </ClInclude>
    <ClInclude Include="..\..\..\include\cpp_essentials\core\adaptor.hpp">
      <Filter>Header Files\cpp_essentials\core</Filter>
    </ClInclude>
    <ClInclude Include="..\..\..\include\cpp_essentials\core\views.hpp">
      <Filter>Header Files\cpp_essentials\core</Filter>
    </ClInclude>
    <ClInclude Include="..\..\..\include\cpp_essentials\core\algorithm.hpp">
      <Filter>Header Files\cpp_essentials\core</Filter>
    </ClInclude>
    <ClInclude Include="..\..\..\include\cpp_essentials\core\return_policy.hpp">
      <Filter>Header Files\cpp_essentials\core</Filter>
    </ClInclude>
    <ClInclude Include="..\..\..\include\cpp_essentials\core\serialization.hpp">
      <Filter>Header Files\cpp_essentials\core</Filter>
    </ClInclude>
    <ClInclude Include="..\..\..\include\cpp_essentials\core\ref_vector.hpp">
      <Filter>Header Files\cpp_essentials\core</Filter>
    </ClInclude>
    <ClInclude Include="..\..\..\include\cpp_essentials\core\iterator_facade.hpp">
      <Filter>Header Files\cpp_essentials\core</Filter>
    </ClInclude>
    <ClInclude Include="..\..\..\include\cpp_essentials\core\ptr_vector.hpp">
      <Filter>Header Files\cpp_essentials\core</Filter>
    </ClInclude>
    <ClInclude Include="..\..\..\include\cpp_essentials\core\function_defs.hpp">
      <Filter>Header Files\cpp_essentials\core</Filter>
    </ClInclude>
    <ClInclude Include="..\..\..\include\cpp_essentials\sq\filter.hpp">
      <Filter>Header Files\cpp_essentials\sq</Filter>
    </ClInclude>
    <ClInclude Include="..\..\..\include\cpp_essentials\sq\map.hpp">
      <Filter>Header Files\cpp_essentials\sq</Filter>
    </ClInclude>
    <ClInclude Include="..\..\..\include\cpp_essentials\sq\detail\map_iterator.hpp">
      <Filter>Header Files\cpp_essentials\sq\detail</Filter>
    </ClInclude>
    <ClInclude Include="..\..\..\include\cpp_essentials\sq\detail\iterator_func_helper.hpp">
      <Filter>Header Files\cpp_essentials\sq\detail</Filter>
    </ClInclude>
    <ClInclude Include="..\..\..\include\cpp_essentials\sq\detail\filter_iterator.hpp">
      <Filter>Header Files\cpp_essentials\sq\detail</Filter>
    </ClInclude>
    <ClInclude Include="..\..\..\include\cpp_essentials\sq\detail\zip_iterator.hpp">
      <Filter>Header Files\cpp_essentials\sq\detail</Filter>
    </ClInclude>
    <ClInclude Include="..\..\..\include\cpp_essentials\sq\zip.hpp">
      <Filter>Header Files\cpp_essentials\sq</Filter>
    </ClInclude>
    <ClInclude Include="..\..\..\include\cpp_essentials\sq\slice.hpp">
      <Filter>Header Files\cpp_essentials\sq</Filter>
    </ClInclude>
    <ClInclude Include="..\..\..\include\cpp_essentials\sq\reverse.hpp">
      <Filter>Header Files\cpp_essentials\sq</Filter>
    </ClInclude>
    <ClInclude Include="..\..\..\include\cpp_essentials\sq\numeric.hpp">
      <Filter>Header Files\cpp_essentials\sq</Filter>
    </ClInclude>
    <ClInclude Include="..\..\..\include\cpp_essentials\sq\detail\numeric_iterator.hpp">
      <Filter>Header Files\cpp_essentials\sq\detail</Filter>
    </ClInclude>
    <ClInclude Include="..\..\..\include\cpp_essentials\core\container_helpers.hpp">
      <Filter>Header Files\cpp_essentials\core</Filter>
    </ClInclude>
    <ClInclude Include="..\..\..\include\cpp_essentials\sq\iterate.hpp">
      <Filter>Header Files\cpp_essentials\sq</Filter>
    </ClInclude>
    <ClInclude Include="..\..\..\include\cpp_essentials\sq\detail\iterate_iterator.hpp">
      <Filter>Header Files\cpp_essentials\sq\detail</Filter>
    </ClInclude>
    <ClInclude Include="..\..\..\include\cpp_essentials\core\algorithm_ext.hpp">
      <Filter>Header Files\cpp_essentials\core</Filter>
    </ClInclude>
    <ClInclude Include="..\..\..\include\cpp_essentials\core\output.hpp">
      <Filter>Header Files\cpp_essentials\core</Filter>
    </ClInclude>
    <ClInclude Include="..\..\..\include\cpp_essentials\core\tuple.hpp">
      <Filter>Header Files\cpp_essentials\core</Filter>
    </ClInclude>
    <ClInclude Include="..\..\..\include\cpp_essentials\sq\containers.hpp">
      <Filter>Header Files\cpp_essentials\sq</Filter>
    </ClInclude>
    <ClInclude Include="..\..\..\include\cpp_essentials\sq\index.hpp">
      <Filter>Header Files\cpp_essentials\sq</Filter>
    </ClInclude>
    <ClInclude Include="..\..\..\include\cpp_essentials\sq\chain.hpp">
      <Filter>Header Files\cpp_essentials\sq</Filter>
    </ClInclude>
    <ClInclude Include="..\..\..\include\cpp_essentials\sq\detail\chain_iterator.hpp">
      <Filter>Header Files\cpp_essentials\sq\detail</Filter>
    </ClInclude>
    <ClInclude Include="..\..\..\include\cpp_essentials\sq\detail\stride_iterator.hpp">
      <Filter>Header Files\cpp_essentials\sq\detail</Filter>
    </ClInclude>
    <ClInclude Include="..\..\..\include\cpp_essentials\sq\stride.hpp">
      <Filter>Header Files\cpp_essentials\sq</Filter>
    </ClInclude>
    <ClInclude Include="..\..\..\include\cpp_essentials\sq\detail\chunk_iterator.hpp">
      <Filter>Header Files\cpp_essentials\sq\detail</Filter>
    </ClInclude>
    <ClInclude Include="..\..\..\include\cpp_essentials\sq\chunk.hpp">
      <Filter>Header Files\cpp_essentials\sq</Filter>
    </ClInclude>
    <ClInclude Include="..\..\..\include\cpp_essentials\cc\cc.hpp">
      <Filter>Header Files\cpp_essentials\cc</Filter>
    </ClInclude>
    <ClInclude Include="..\..\..\include\cpp_essentials\sq\terminals.hpp">
      <Filter>Header Files\cpp_essentials\sq</Filter>
    </ClInclude>
    <ClInclude Include="..\..\..\include\cpp_essentials\sq\flatten.hpp">
      <Filter>Header Files\cpp_essentials\sq</Filter>
    </ClInclude>
    <ClInclude Include="..\..\..\include\cpp_essentials\sq\detail\flatten_iterator.hpp">
      <Filter>Header Files\cpp_essentials\sq\detail</Filter>
    </ClInclude>
    <ClInclude Include="..\..\..\include\cpp_essentials\sq\sq.hpp">
      <Filter>Header Files\cpp_essentials\sq</Filter>
    </ClInclude>
    <ClInclude Include="..\..\..\include\cpp_essentials\sq\detail\nil.hpp">
      <Filter>Header Files\cpp_essentials\sq\detail</Filter>
    </ClInclude>
    <ClInclude Include="..\..\..\include\cpp_essentials\sq\elementwise.hpp">
      <Filter>Header Files\cpp_essentials\sq</Filter>
    </ClInclude>
    <ClInclude Include="..\..\..\include\cpp_essentials\core\filter.hpp">
      <Filter>Header Files\cpp_essentials\core</Filter>
    </ClInclude>
    <ClInclude Include="..\..\..\include\cpp_essentials\core\slice.hpp">
      <Filter>Header Files\cpp_essentials\core</Filter>
    </ClInclude>
    <ClInclude Include="..\..\..\include\cpp_essentials\core\detail\nil.hpp">
      <Filter>Header Files\cpp_essentials\core\detail</Filter>
    </ClInclude>
    <ClInclude Include="..\..\..\include\cpp_essentials\core\format.hpp">
      <Filter>Header Files\cpp_essentials\core</Filter>
    </ClInclude>
    <ClInclude Include="..\..\..\include\cpp_essentials\core\containers.hpp">
      <Filter>Header Files\cpp_essentials\core</Filter>
    </ClInclude>
    <ClInclude Include="..\..\..\include\cpp_essentials\core\string_views.hpp">
      <Filter>Header Files\cpp_essentials\core</Filter>
    </ClInclude>
    <ClInclude Include="..\..\..\include\cpp_essentials\math\arithmetic_functors.hpp">
      <Filter>Header Files\cpp_essentials\math</Filter>
    </ClInclude>
    <ClInclude Include="..\..\..\include\cpp_essentials\math\functors.hpp">
      <Filter>Header Files\cpp_essentials\math</Filter>
    </ClInclude>
    <ClInclude Include="..\..\..\include\cpp_essentials\math\constants.hpp">
      <Filter>Header Files\cpp_essentials\math</Filter>
    </ClInclude>
  </ItemGroup>
  <ItemGroup>
    <ClCompile Include="main.cpp">
      <Filter>Source Files</Filter>
    </ClCompile>
  </ItemGroup>
</Project>