<?xml version="1.0" encoding="utf-8"?>
<Project ToolsVersion="4.0" xmlns="http://schemas.microsoft.com/developer/msbuild/2003">
  <ItemGroup>
    <Filter Include="Source Files">
      <UniqueIdentifier>{4FC737F1-C7A5-4376-A066-2A32D752A2FF}</UniqueIdentifier>
      <Extensions>cpp;c;cc;cxx;def;odl;idl;hpj;bat;asm;asmx</Extensions>
    </Filter>
    <Filter Include="Header Files">
      <UniqueIdentifier>{93995380-89BD-4b04-88EB-625FBE52EBFB}</UniqueIdentifier>
      <Extensions>h;hh;hpp;hxx;hm;inl;inc;ipp;xsd</Extensions>
    </Filter>
    <Filter Include="Resource Files">
      <UniqueIdentifier>{67DA6AB6-F800-4c08-8B7A-83BB121AAD01}</UniqueIdentifier>
      <Extensions>rc;ico;cur;bmp;dlg;rc2;rct;bin;rgs;gif;jpg;jpeg;jpe;resx;tiff;tif;png;wav;mfcribbon-ms</Extensions>
    </Filter>
    <Filter Include="Header Files\cpp_essentials">
      <UniqueIdentifier>{75e59e34-55c9-47fa-815f-e0acb2e316d0}</UniqueIdentifier>
    </Filter>
    <Filter Include="Header Files\cpp_essentials\core">
      <UniqueIdentifier>{b43cea5c-3dae-4df7-8978-a55d89a08b92}</UniqueIdentifier>
    </Filter>
    <Filter Include="Header Files\cpp_essentials\cc">
      <UniqueIdentifier>{f232849d-1a63-46b3-aa81-e83d2084ba35}</UniqueIdentifier>
    </Filter>
    <Filter Include="Header Files\cpp_essentials\core\detail">
      <UniqueIdentifier>{ba71e44a-2f97-40dd-9fb1-9855ceb3d980}</UniqueIdentifier>
    </Filter>
    <Filter Include="Header Files\cpp_essentials\math">
      <UniqueIdentifier>{c63fa85d-7b27-4183-a8b4-b06e292df07f}</UniqueIdentifier>
    </Filter>
    <Filter Include="Header Files\cpp_essentials\sq">
      <UniqueIdentifier>{b23cacd1-699d-45ed-8a6a-d2a3ef90c53f}</UniqueIdentifier>
    </Filter>
    <Filter Include="Header Files\cpp_essentials\math\detail">
      <UniqueIdentifier>{8f3baad9-e5f6-4e80-bf35-ed52ac70bffc}</UniqueIdentifier>
    </Filter>
    <Filter Include="Header Files\cpp_essentials\geo">
      <UniqueIdentifier>{e91939f4-6684-47be-bad5-08b48f3f1ab0}</UniqueIdentifier>
    </Filter>
    <Filter Include="Header Files\cpp_essentials\geo\detail">
      <UniqueIdentifier>{d0dc678a-05d1-4233-8a81-62092d5601ab}</UniqueIdentifier>
    </Filter>
    <Filter Include="Header Files\cpp_essentials\arrays">
      <UniqueIdentifier>{d493e46d-9575-4d37-8789-2528564aff2d}</UniqueIdentifier>
    </Filter>
    <Filter Include="Header Files\cpp_essentials\arrays\detail">
      <UniqueIdentifier>{1e5e5c57-3e45-4d52-83a6-5dabb898e919}</UniqueIdentifier>
    </Filter>
    <Filter Include="Header Files\cpp_essentials\gx">
      <UniqueIdentifier>{fe408fa1-ced6-4a6d-bd1c-db78a52a0781}</UniqueIdentifier>
    </Filter>
    <Filter Include="Header Files\cpp_essentials\meta">
      <UniqueIdentifier>{f32afa56-67d2-4e82-ba04-0ff671a1f756}</UniqueIdentifier>
    </Filter>
    <Filter Include="Header Files\cpp_essentials\gx\detail">
      <UniqueIdentifier>{ea5d5bce-ae9c-40b7-b97e-899b8d462c3f}</UniqueIdentifier>
    </Filter>
    <Filter Include="Header Files\cpp_essentials\graphs">
      <UniqueIdentifier>{42000d89-6f61-4877-af4a-285aca5072e6}</UniqueIdentifier>
    </Filter>
    <Filter Include="Header Files\cpp_essentials\kine">
      <UniqueIdentifier>{3adda15c-5687-4f8e-a38c-5c4d105af935}</UniqueIdentifier>
    </Filter>
    <Filter Include="Header Files\cpp_essentials\chrono">
      <UniqueIdentifier>{91c1cbdb-1646-4a11-aca4-67891111807d}</UniqueIdentifier>
    </Filter>
    <Filter Include="Header Files\cpp_essentials\carto">
      <UniqueIdentifier>{9044c3cb-17bc-4879-8072-b2e13bec7d33}</UniqueIdentifier>
    </Filter>
    <Filter Include="Header Files\cpp_essentials\fmt">
      <UniqueIdentifier>{3bbb24d2-fc1f-4bf4-bf67-0270424c3f8e}</UniqueIdentifier>
    </Filter>
    <Filter Include="Header Files\cpp_essentials\term">
      <UniqueIdentifier>{330f98e6-5dc5-4716-b941-833c376411e6}</UniqueIdentifier>
    </Filter>
    <Filter Include="Header Files\cpp_essentials\proc">
      <UniqueIdentifier>{c9c0b8fe-f78d-4423-9ac3-551a1018e0f1}</UniqueIdentifier>
    </Filter>
  </ItemGroup>
  <ItemGroup>
    <ClInclude Include="targetver.h">
      <Filter>Header Files</Filter>
    </ClInclude>
    <ClInclude Include="..\..\..\include\cpp_essentials\core\functors.hpp">
      <Filter>Header Files\cpp_essentials\core</Filter>
    </ClInclude>
    <ClInclude Include="..\..\..\include\cpp_essentials\core\iterator_range.hpp">
      <Filter>Header Files\cpp_essentials\core</Filter>
    </ClInclude>
    <ClInclude Include="..\..\..\include\cpp_essentials\core\optional.hpp">
      <Filter>Header Files\cpp_essentials\core</Filter>
    </ClInclude>
    <ClInclude Include="..\..\..\include\cpp_essentials\core\assertions.hpp">
      <Filter>Header Files\cpp_essentials\core</Filter>
    </ClInclude>
    <ClInclude Include="..\..\..\include\cpp_essentials\core\exceptions.hpp">
      <Filter>Header Files\cpp_essentials\core</Filter>
    </ClInclude>
    <ClInclude Include="..\..\..\include\cpp_essentials\core\adaptor.hpp">
      <Filter>Header Files\cpp_essentials\core</Filter>
    </ClInclude>
    <ClInclude Include="..\..\..\include\cpp_essentials\core\views.hpp">
      <Filter>Header Files\cpp_essentials\core</Filter>
    </ClInclude>
    <ClInclude Include="..\..\..\include\cpp_essentials\core\algorithm.hpp">
      <Filter>Header Files\cpp_essentials\core</Filter>
    </ClInclude>
    <ClInclude Include="..\..\..\include\cpp_essentials\core\return_policy.hpp">
      <Filter>Header Files\cpp_essentials\core</Filter>
    </ClInclude>
    <ClInclude Include="..\..\..\include\cpp_essentials\core\serialization.hpp">
      <Filter>Header Files\cpp_essentials\core</Filter>
    </ClInclude>
    <ClInclude Include="..\..\..\include\cpp_essentials\core\ref_vector.hpp">
      <Filter>Header Files\cpp_essentials\core</Filter>
    </ClInclude>
    <ClInclude Include="..\..\..\include\cpp_essentials\core\iterator_facade.hpp">
      <Filter>Header Files\cpp_essentials\core</Filter>
    </ClInclude>
    <ClInclude Include="..\..\..\include\cpp_essentials\core\ptr_vector.hpp">
      <Filter>Header Files\cpp_essentials\core</Filter>
    </ClInclude>
    <ClInclude Include="..\..\..\include\cpp_essentials\core\function_defs.hpp">
      <Filter>Header Files\cpp_essentials\core</Filter>
    </ClInclude>
    <ClInclude Include="..\..\..\include\cpp_essentials\core\container_helpers.hpp">
      <Filter>Header Files\cpp_essentials\core</Filter>
    </ClInclude>
    <ClInclude Include="..\..\..\include\cpp_essentials\core\algorithm_ext.hpp">
      <Filter>Header Files\cpp_essentials\core</Filter>
    </ClInclude>
    <ClInclude Include="..\..\..\include\cpp_essentials\core\output.hpp">
      <Filter>Header Files\cpp_essentials\core</Filter>
    </ClInclude>
    <ClInclude Include="..\..\..\include\cpp_essentials\core\tuple.hpp">
      <Filter>Header Files\cpp_essentials\core</Filter>
    </ClInclude>
    <ClInclude Include="..\..\..\include\cpp_essentials\cc\cc.hpp">
      <Filter>Header Files\cpp_essentials\cc</Filter>
    </ClInclude>
    <ClInclude Include="..\..\..\include\cpp_essentials\core\filter.hpp">
      <Filter>Header Files\cpp_essentials\core</Filter>
    </ClInclude>
    <ClInclude Include="..\..\..\include\cpp_essentials\core\slice.hpp">
      <Filter>Header Files\cpp_essentials\core</Filter>
    </ClInclude>
    <ClInclude Include="..\..\..\include\cpp_essentials\core\containers.hpp">
      <Filter>Header Files\cpp_essentials\core</Filter>
    </ClInclude>
    <ClInclude Include="..\..\..\include\cpp_essentials\core\string_views.hpp">
      <Filter>Header Files\cpp_essentials\core</Filter>
    </ClInclude>
    <ClInclude Include="..\..\..\include\cpp_essentials\math\functors.hpp">
      <Filter>Header Files\cpp_essentials\math</Filter>
    </ClInclude>
    <ClInclude Include="..\..\..\include\cpp_essentials\math\constants.hpp">
      <Filter>Header Files\cpp_essentials\math</Filter>
    </ClInclude>
    <ClInclude Include="..\..\..\include\cpp_essentials\core\detail\chain_iterator.hpp">
      <Filter>Header Files\cpp_essentials\core\detail</Filter>
    </ClInclude>
    <ClInclude Include="..\..\..\include\cpp_essentials\core\detail\chunk_iterator.hpp">
      <Filter>Header Files\cpp_essentials\core\detail</Filter>
    </ClInclude>
    <ClInclude Include="..\..\..\include\cpp_essentials\core\detail\filter_iterator.hpp">
      <Filter>Header Files\cpp_essentials\core\detail</Filter>
    </ClInclude>
    <ClInclude Include="..\..\..\include\cpp_essentials\core\detail\flatten_iterator.hpp">
      <Filter>Header Files\cpp_essentials\core\detail</Filter>
    </ClInclude>
    <ClInclude Include="..\..\..\include\cpp_essentials\core\detail\iterate_iterator.hpp">
      <Filter>Header Files\cpp_essentials\core\detail</Filter>
    </ClInclude>
    <ClInclude Include="..\..\..\include\cpp_essentials\core\detail\iterator_func_helper.hpp">
      <Filter>Header Files\cpp_essentials\core\detail</Filter>
    </ClInclude>
    <ClInclude Include="..\..\..\include\cpp_essentials\core\detail\map_iterator.hpp">
      <Filter>Header Files\cpp_essentials\core\detail</Filter>
    </ClInclude>
    <ClInclude Include="..\..\..\include\cpp_essentials\core\detail\numeric_iterator.hpp">
      <Filter>Header Files\cpp_essentials\core\detail</Filter>
    </ClInclude>
    <ClInclude Include="..\..\..\include\cpp_essentials\core\detail\stride_iterator.hpp">
      <Filter>Header Files\cpp_essentials\core\detail</Filter>
    </ClInclude>
    <ClInclude Include="..\..\..\include\cpp_essentials\core\detail\zip_iterator.hpp">
      <Filter>Header Files\cpp_essentials\core\detail</Filter>
    </ClInclude>
    <ClInclude Include="..\..\..\include\cpp_essentials\core\chain.hpp">
      <Filter>Header Files\cpp_essentials\core</Filter>
    </ClInclude>
    <ClInclude Include="..\..\..\include\cpp_essentials\core\chunk.hpp">
      <Filter>Header Files\cpp_essentials\core</Filter>
    </ClInclude>
    <ClInclude Include="..\..\..\include\cpp_essentials\core\elementwise.hpp">
      <Filter>Header Files\cpp_essentials\core</Filter>
    </ClInclude>
    <ClInclude Include="..\..\..\include\cpp_essentials\core\flatten.hpp">
      <Filter>Header Files\cpp_essentials\core</Filter>
    </ClInclude>
    <ClInclude Include="..\..\..\include\cpp_essentials\core\iterate.hpp">
      <Filter>Header Files\cpp_essentials\core</Filter>
    </ClInclude>
    <ClInclude Include="..\..\..\include\cpp_essentials\core\map.hpp">
      <Filter>Header Files\cpp_essentials\core</Filter>
    </ClInclude>
    <ClInclude Include="..\..\..\include\cpp_essentials\core\numeric.hpp">
      <Filter>Header Files\cpp_essentials\core</Filter>
    </ClInclude>
    <ClInclude Include="..\..\..\include\cpp_essentials\core\stride.hpp">
      <Filter>Header Files\cpp_essentials\core</Filter>
    </ClInclude>
    <ClInclude Include="..\..\..\include\cpp_essentials\core\trim.hpp">
      <Filter>Header Files\cpp_essentials\core</Filter>
    </ClInclude>
    <ClInclude Include="..\..\..\include\cpp_essentials\core\zip.hpp">
      <Filter>Header Files\cpp_essentials\core</Filter>
    </ClInclude>
    <ClInclude Include="..\..\..\include\cpp_essentials\math\polynomial.hpp">
      <Filter>Header Files\cpp_essentials\math</Filter>
    </ClInclude>
    <ClInclude Include="..\..\..\include\cpp_essentials\core\join.hpp">
      <Filter>Header Files\cpp_essentials\core</Filter>
    </ClInclude>
    <ClInclude Include="..\..\..\include\cpp_essentials\sq\sq.hpp">
      <Filter>Header Files\cpp_essentials\sq</Filter>
    </ClInclude>
    <ClInclude Include="..\..\..\include\cpp_essentials\core\arithmetic_functors.hpp">
      <Filter>Header Files\cpp_essentials\core</Filter>
    </ClInclude>
    <ClInclude Include="..\..\..\include\cpp_essentials\core\tagged_value.hpp">
      <Filter>Header Files\cpp_essentials\core</Filter>
    </ClInclude>
    <ClInclude Include="..\..\..\include\cpp_essentials\core\string_functors.hpp">
      <Filter>Header Files\cpp_essentials\core</Filter>
    </ClInclude>
    <ClInclude Include="..\..\..\include\cpp_essentials\core\format.hpp">
      <Filter>Header Files\cpp_essentials\core</Filter>
    </ClInclude>
    <ClInclude Include="..\..\..\include\cpp_essentials\math\detail\matrix.access.hpp">
      <Filter>Header Files\cpp_essentials\math\detail</Filter>
    </ClInclude>
    <ClInclude Include="..\..\..\include\cpp_essentials\math\detail\matrix.arithmetics.hpp">
      <Filter>Header Files\cpp_essentials\math\detail</Filter>
    </ClInclude>
    <ClInclude Include="..\..\..\include\cpp_essentials\math\detail\matrix.base.hpp">
      <Filter>Header Files\cpp_essentials\math\detail</Filter>
    </ClInclude>
    <ClInclude Include="..\..\..\include\cpp_essentials\math\detail\matrix.creation.hpp">
      <Filter>Header Files\cpp_essentials\math\detail</Filter>
    </ClInclude>
    <ClInclude Include="..\..\..\include\cpp_essentials\math\matrix.hpp">
      <Filter>Header Files\cpp_essentials\math</Filter>
    </ClInclude>
    <ClInclude Include="..\..\..\include\cpp_essentials\geo\interval.hpp">
      <Filter>Header Files\cpp_essentials\geo</Filter>
    </ClInclude>
    <ClInclude Include="..\..\..\include\cpp_essentials\geo\matrix.hpp">
      <Filter>Header Files\cpp_essentials\geo</Filter>
    </ClInclude>
    <ClInclude Include="..\..\..\include\cpp_essentials\math\detail\matrix.operations.hpp">
      <Filter>Header Files\cpp_essentials\math\detail</Filter>
    </ClInclude>
    <ClInclude Include="..\..\..\include\cpp_essentials\math\detail\vector.operations.hpp">
      <Filter>Header Files\cpp_essentials\math\detail</Filter>
    </ClInclude>
    <ClInclude Include="..\..\..\include\cpp_essentials\math\regression.hpp">
      <Filter>Header Files\cpp_essentials\math</Filter>
    </ClInclude>
    <ClInclude Include="..\..\..\include\cpp_essentials\geo\bounding_box.hpp">
      <Filter>Header Files\cpp_essentials\geo</Filter>
    </ClInclude>
    <ClInclude Include="..\..\..\include\cpp_essentials\geo\detail\vertex_array.arithmetics.hpp">
      <Filter>Header Files\cpp_essentials\geo\detail</Filter>
    </ClInclude>
    <ClInclude Include="..\..\..\include\cpp_essentials\geo\detail\vertex_array.base.hpp">
      <Filter>Header Files\cpp_essentials\geo\detail</Filter>
    </ClInclude>
    <ClInclude Include="..\..\..\include\cpp_essentials\geo\vertex_array.hpp">
      <Filter>Header Files\cpp_essentials\geo</Filter>
    </ClInclude>
    <ClInclude Include="..\..\..\include\cpp_essentials\geo\detail\linear_shape.arithmetics.hpp">
      <Filter>Header Files\cpp_essentials\geo\detail</Filter>
    </ClInclude>
    <ClInclude Include="..\..\..\include\cpp_essentials\geo\detail\linear_shape.base.hpp">
      <Filter>Header Files\cpp_essentials\geo\detail</Filter>
    </ClInclude>
    <ClInclude Include="..\..\..\include\cpp_essentials\geo\linear_shape.hpp">
      <Filter>Header Files\cpp_essentials\geo</Filter>
    </ClInclude>
    <ClInclude Include="..\..\..\include\cpp_essentials\geo\vertex_container.hpp">
      <Filter>Header Files\cpp_essentials\geo</Filter>
    </ClInclude>
    <ClInclude Include="..\..\..\include\cpp_essentials\geo\detail\vertex_container.traits.hpp">
      <Filter>Header Files\cpp_essentials\geo\detail</Filter>
    </ClInclude>
    <ClInclude Include="..\..\..\include\cpp_essentials\geo\contains.hpp">
      <Filter>Header Files\cpp_essentials\geo</Filter>
    </ClInclude>
    <ClInclude Include="..\..\..\include\cpp_essentials\geo\interval_operations.hpp">
      <Filter>Header Files\cpp_essentials\geo</Filter>
    </ClInclude>
    <ClInclude Include="..\..\..\include\cpp_essentials\arrays\detail\vector.creation.hpp">
      <Filter>Header Files\cpp_essentials\arrays\detail</Filter>
    </ClInclude>
    <ClInclude Include="..\..\..\include\cpp_essentials\arrays\iterator.hpp">
      <Filter>Header Files\cpp_essentials\arrays</Filter>
    </ClInclude>
    <ClInclude Include="..\..\..\include\cpp_essentials\arrays\array_base.hpp">
      <Filter>Header Files\cpp_essentials\arrays</Filter>
    </ClInclude>
    <ClInclude Include="..\..\..\include\cpp_essentials\arrays\array.hpp">
      <Filter>Header Files\cpp_essentials\arrays</Filter>
    </ClInclude>
    <ClInclude Include="..\..\..\include\cpp_essentials\arrays\array_view.hpp">
      <Filter>Header Files\cpp_essentials\arrays</Filter>
    </ClInclude>
    <ClInclude Include="..\..\..\include\cpp_essentials\arrays\region_iterator.hpp">
      <Filter>Header Files\cpp_essentials\arrays</Filter>
    </ClInclude>
    <ClInclude Include="..\..\..\include\cpp_essentials\arrays\slice_iterator.hpp">
      <Filter>Header Files\cpp_essentials\arrays</Filter>
    </ClInclude>
    <ClInclude Include="..\..\..\include\cpp_essentials\arrays\transformations.hpp">
      <Filter>Header Files\cpp_essentials\arrays</Filter>
    </ClInclude>
    <ClInclude Include="..\..\..\include\cpp_essentials\gx\bitmap.hpp">
      <Filter>Header Files\cpp_essentials\gx</Filter>
    </ClInclude>
    <ClInclude Include="..\..\..\include\cpp_essentials\gx\color_models.hpp">
      <Filter>Header Files\cpp_essentials\gx</Filter>
    </ClInclude>
    <ClInclude Include="..\..\..\include\cpp_essentials\gx\image.hpp">
      <Filter>Header Files\cpp_essentials\gx</Filter>
    </ClInclude>
    <ClInclude Include="..\..\..\include\cpp_essentials\gx\core.hpp">
      <Filter>Header Files\cpp_essentials\gx</Filter>
    </ClInclude>
    <ClInclude Include="..\..\..\include\cpp_essentials\gx\colors.hpp">
      <Filter>Header Files\cpp_essentials\gx</Filter>
    </ClInclude>
    <ClInclude Include="..\..\..\include\cpp_essentials\gx\drawing_context.hpp">
      <Filter>Header Files\cpp_essentials\gx</Filter>
    </ClInclude>
    <ClInclude Include="..\..\..\include\cpp_essentials\gx\algorithm.hpp">
      <Filter>Header Files\cpp_essentials\gx</Filter>
    </ClInclude>
    <ClInclude Include="..\..\..\include\cpp_essentials\gx\defs.hpp">
      <Filter>Header Files\cpp_essentials\gx</Filter>
    </ClInclude>
    <ClInclude Include="..\..\..\include\cpp_essentials\core\channel.hpp">
      <Filter>Header Files\cpp_essentials\core</Filter>
    </ClInclude>
    <ClInclude Include="..\..\..\include\cpp_essentials\core\group_by.hpp">
      <Filter>Header Files\cpp_essentials\core</Filter>
    </ClInclude>
    <ClInclude Include="..\..\..\include\cpp_essentials\core\nil.hpp">
      <Filter>Header Files\cpp_essentials\core</Filter>
    </ClInclude>
    <ClInclude Include="..\..\..\include\cpp_essentials\geo\intersects.hpp">
      <Filter>Header Files\cpp_essentials\geo</Filter>
    </ClInclude>
    <ClInclude Include="..\..\..\include\cpp_essentials\geo\detail\linear_shape.traits.hpp">
      <Filter>Header Files\cpp_essentials\geo\detail</Filter>
    </ClInclude>
    <ClInclude Include="..\..\..\include\cpp_essentials\meta\meta.hpp">
      <Filter>Header Files\cpp_essentials\meta</Filter>
    </ClInclude>
    <ClInclude Include="..\..\..\include\cpp_essentials\meta\serialization_json.hpp">
      <Filter>Header Files\cpp_essentials\meta</Filter>
    </ClInclude>
    <ClInclude Include="..\..\..\include\cpp_essentials\core\map_utils.hpp">
      <Filter>Header Files\cpp_essentials\core</Filter>
    </ClInclude>
    <ClInclude Include="..\..\..\include\cpp_essentials\math\detail\matrix.transformations.hpp">
      <Filter>Header Files\cpp_essentials\math\detail</Filter>
    </ClInclude>
    <ClInclude Include="..\..\..\include\cpp_essentials\geo\triangle.hpp">
      <Filter>Header Files\cpp_essentials\geo</Filter>
    </ClInclude>
    <ClInclude Include="..\..\..\include\cpp_essentials\geo\intersection.hpp">
      <Filter>Header Files\cpp_essentials\geo</Filter>
    </ClInclude>
    <ClInclude Include="..\..\..\include\cpp_essentials\geo\interpolate.hpp">
      <Filter>Header Files\cpp_essentials\geo</Filter>
    </ClInclude>
    <ClInclude Include="..\..\..\include\cpp_essentials\geo\projection.hpp">
      <Filter>Header Files\cpp_essentials\geo</Filter>
    </ClInclude>
    <ClInclude Include="..\..\..\include\cpp_essentials\geo\distance.hpp">
      <Filter>Header Files\cpp_essentials\geo</Filter>
    </ClInclude>
    <ClInclude Include="..\..\..\include\cpp_essentials\geo\center.hpp">
      <Filter>Header Files\cpp_essentials\geo</Filter>
    </ClInclude>
    <ClInclude Include="..\..\..\include\cpp_essentials\geo\perpendicular.hpp">
      <Filter>Header Files\cpp_essentials\geo</Filter>
    </ClInclude>
    <ClInclude Include="..\..\..\include\cpp_essentials\geo\circular_shape.hpp">
      <Filter>Header Files\cpp_essentials\geo</Filter>
    </ClInclude>
    <ClInclude Include="..\..\..\include\cpp_essentials\geo\circle.hpp">
      <Filter>Header Files\cpp_essentials\geo</Filter>
    </ClInclude>
    <ClInclude Include="..\..\..\include\cpp_essentials\geo\coordinates_conversion.hpp">
      <Filter>Header Files\cpp_essentials\geo</Filter>
    </ClInclude>
    <ClInclude Include="..\..\..\include\cpp_essentials\gx\detail\morphological_operations.hpp">
      <Filter>Header Files\cpp_essentials\gx\detail</Filter>
    </ClInclude>
    <ClInclude Include="..\..\..\include\cpp_essentials\gx\morphological_operations.hpp">
      <Filter>Header Files\cpp_essentials\gx</Filter>
    </ClInclude>
    <ClInclude Include="..\..\..\include\cpp_essentials\gx\kernels.hpp">
      <Filter>Header Files\cpp_essentials\gx</Filter>
    </ClInclude>
    <ClInclude Include="..\..\..\include\cpp_essentials\gx\lookup_table.hpp">
      <Filter>Header Files\cpp_essentials\gx</Filter>
    </ClInclude>
    <ClInclude Include="..\..\..\include\cpp_essentials\core\detail\repeat_iterator.hpp">
      <Filter>Header Files\cpp_essentials\core\detail</Filter>
    </ClInclude>
    <ClInclude Include="..\..\..\include\cpp_essentials\core\repeat.hpp">
      <Filter>Header Files\cpp_essentials\core</Filter>
    </ClInclude>
    <ClInclude Include="..\..\..\include\cpp_essentials\core\detail\flat_map_iterator.hpp">
      <Filter>Header Files\cpp_essentials\core\detail</Filter>
    </ClInclude>
    <ClInclude Include="..\..\..\include\cpp_essentials\core\expected.hpp">
      <Filter>Header Files\cpp_essentials\core</Filter>
    </ClInclude>
    <ClInclude Include="..\..\..\include\cpp_essentials\graphs\graph.hpp">
      <Filter>Header Files\cpp_essentials\graphs</Filter>
    </ClInclude>
    <ClInclude Include="..\..\..\include\cpp_essentials\graphs\algorithm.hpp">
      <Filter>Header Files\cpp_essentials\graphs</Filter>
    </ClInclude>
    <ClInclude Include="..\..\..\include\cpp_essentials\graphs\binary_tree.hpp">
      <Filter>Header Files\cpp_essentials\graphs</Filter>
    </ClInclude>
    <ClInclude Include="..\..\..\include\cpp_essentials\graphs\tree.hpp">
      <Filter>Header Files\cpp_essentials\graphs</Filter>
    </ClInclude>
    <ClInclude Include="..\..\..\include\cpp_essentials\graphs\tree_base.hpp">
      <Filter>Header Files\cpp_essentials\graphs</Filter>
    </ClInclude>
    <ClInclude Include="..\..\..\include\cpp_essentials\core\event.hpp">
      <Filter>Header Files\cpp_essentials\core</Filter>
    </ClInclude>
    <ClInclude Include="..\..\..\include\cpp_essentials\math\distribution.hpp">
      <Filter>Header Files\cpp_essentials\math</Filter>
    </ClInclude>
    <ClInclude Include="..\..\..\include\cpp_essentials\gx\filters.hpp">
      <Filter>Header Files\cpp_essentials\gx</Filter>
    </ClInclude>
    <ClInclude Include="..\..\..\include\cpp_essentials\core\detail\any_iterator.hpp">
      <Filter>Header Files\cpp_essentials\core\detail</Filter>
    </ClInclude>
    <ClInclude Include="..\..\..\include\cpp_essentials\core\any_range.hpp">
      <Filter>Header Files\cpp_essentials\core</Filter>
    </ClInclude>
    <ClInclude Include="..\..\..\include\cpp_essentials\core\unzip.hpp">
      <Filter>Header Files\cpp_essentials\core</Filter>
    </ClInclude>
    <ClInclude Include="..\..\..\include\cpp_essentials\core\reverse.hpp">
      <Filter>Header Files\cpp_essentials\core</Filter>
    </ClInclude>
    <ClInclude Include="..\..\..\include\cpp_essentials\core\enumerate.hpp">
      <Filter>Header Files\cpp_essentials\core</Filter>
    </ClInclude>
    <ClInclude Include="..\..\..\include\cpp_essentials\core\replace.hpp">
      <Filter>Header Files\cpp_essentials\core</Filter>
    </ClInclude>
    <ClInclude Include="..\..\..\include\cpp_essentials\kine\animation.core.hpp">
      <Filter>Header Files\cpp_essentials\kine</Filter>
    </ClInclude>
    <ClInclude Include="..\..\..\include\cpp_essentials\kine\animation.hpp">
      <Filter>Header Files\cpp_essentials\kine</Filter>
    </ClInclude>
    <ClInclude Include="..\..\..\include\cpp_essentials\kine\ease.detail.hpp">
      <Filter>Header Files\cpp_essentials\kine</Filter>
    </ClInclude>
    <ClInclude Include="..\..\..\include\cpp_essentials\kine\ease.hpp">
      <Filter>Header Files\cpp_essentials\kine</Filter>
    </ClInclude>
    <ClInclude Include="..\..\..\include\cpp_essentials\kine\phase.hpp">
      <Filter>Header Files\cpp_essentials\kine</Filter>
    </ClInclude>
    <ClInclude Include="..\..\..\include\cpp_essentials\kine\sequence.hpp">
      <Filter>Header Files\cpp_essentials\kine</Filter>
    </ClInclude>
    <ClInclude Include="..\..\..\include\cpp_essentials\kine\sequence_phase.hpp">
      <Filter>Header Files\cpp_essentials\kine</Filter>
    </ClInclude>
    <ClInclude Include="..\..\..\include\cpp_essentials\kine\reverse.hpp">
      <Filter>Header Files\cpp_essentials\kine</Filter>
    </ClInclude>
    <ClInclude Include="..\..\..\include\cpp_essentials\kine\repeat.hpp">
      <Filter>Header Files\cpp_essentials\kine</Filter>
    </ClInclude>
    <ClInclude Include="..\..\..\include\cpp_essentials\kine\constant.hpp">
      <Filter>Header Files\cpp_essentials\kine</Filter>
    </ClInclude>
    <ClInclude Include="..\..\..\include\cpp_essentials\kine\gradual.hpp">
      <Filter>Header Files\cpp_essentials\kine</Filter>
    </ClInclude>
    <ClInclude Include="..\..\..\include\cpp_essentials\geo\orientation.hpp">
      <Filter>Header Files\cpp_essentials\geo</Filter>
    </ClInclude>
    <ClInclude Include="..\..\..\include\cpp_essentials\geo\clamp.hpp">
      <Filter>Header Files\cpp_essentials\geo</Filter>
    </ClInclude>
    <ClInclude Include="..\..\..\include\cpp_essentials\core\detail\rust_iterator.hpp">
      <Filter>Header Files\cpp_essentials\core\detail</Filter>
    </ClInclude>
    <ClInclude Include="..\..\..\include\cpp_essentials\geo\dcel.hpp">
      <Filter>Header Files\cpp_essentials\geo</Filter>
    </ClInclude>
    <ClInclude Include="..\..\..\include\cpp_essentials\core\generator.hpp">
      <Filter>Header Files\cpp_essentials\core</Filter>
    </ClInclude>
    <ClInclude Include="..\..\..\include\cpp_essentials\core\program_args.hpp">
      <Filter>Header Files\cpp_essentials\core</Filter>
    </ClInclude>
    <ClInclude Include="..\..\..\include\cpp_essentials\core\match.hpp">
      <Filter>Header Files\cpp_essentials\core</Filter>
    </ClInclude>
    <ClInclude Include="..\..\..\include\cpp_essentials\chrono\time.hpp">
      <Filter>Header Files\cpp_essentials\chrono</Filter>
    </ClInclude>
    <ClInclude Include="..\..\..\include\cpp_essentials\chrono\calendars.hpp">
      <Filter>Header Files\cpp_essentials\chrono</Filter>
    </ClInclude>
    <ClInclude Include="..\..\..\include\cpp_essentials\geo\triangulation.hpp">
      <Filter>Header Files\cpp_essentials\geo</Filter>
    </ClInclude>
    <ClInclude Include="..\..\..\include\cpp_essentials\core\debug_utils.hpp">
      <Filter>Header Files\cpp_essentials\core</Filter>
    </ClInclude>
    <ClInclude Include="..\..\..\include\cpp_essentials\core\task_queue.hpp">
      <Filter>Header Files\cpp_essentials\core</Filter>
    </ClInclude>
    <ClInclude Include="..\..\..\include\cpp_essentials\core\event_aggregator.hpp">
      <Filter>Header Files\cpp_essentials\core</Filter>
    </ClInclude>
    <ClInclude Include="..\..\..\include\cpp_essentials\carto\coords_operations.hpp">
      <Filter>Header Files\cpp_essentials\carto</Filter>
    </ClInclude>
    <ClInclude Include="..\..\..\include\cpp_essentials\carto\coords.hpp">
      <Filter>Header Files\cpp_essentials\carto</Filter>
    </ClInclude>
    <ClInclude Include="..\..\..\include\cpp_essentials\carto\coords_array.hpp">
      <Filter>Header Files\cpp_essentials\carto</Filter>
    </ClInclude>
    <ClInclude Include="..\..\..\include\cpp_essentials\math\binomial.hpp">
      <Filter>Header Files\cpp_essentials\math</Filter>
    </ClInclude>
    <ClInclude Include="..\..\..\include\cpp_essentials\fmt\format.hpp">
      <Filter>Header Files\cpp_essentials\fmt</Filter>
    </ClInclude>
    <ClInclude Include="..\..\..\include\cpp_essentials\core\detail\generating_iterator.hpp">
      <Filter>Header Files\cpp_essentials\core\detail</Filter>
    </ClInclude>
    <ClInclude Include="..\..\..\include\cpp_essentials\core\lazy_evaluated.hpp">
      <Filter>Header Files\cpp_essentials\core</Filter>
    </ClInclude>
    <ClInclude Include="..\..\..\include\cpp_essentials\core\filter_map.hpp">
      <Filter>Header Files\cpp_essentials\core</Filter>
    </ClInclude>
    <ClInclude Include="..\..\..\include\cpp_essentials\core\flat_map.hpp">
      <Filter>Header Files\cpp_essentials\core</Filter>
    </ClInclude>
    <ClInclude Include="..\..\..\include\cpp_essentials\core\detail\iterator_category.hpp">
      <Filter>Header Files\cpp_essentials\core\detail</Filter>
    </ClInclude>
    <ClInclude Include="..\..\..\include\cpp_essentials\core\predicates.hpp">
      <Filter>Header Files\cpp_essentials\core</Filter>
    </ClInclude>
    <ClInclude Include="..\..\..\include\cpp_essentials\gx\histogram_operations.hpp">
      <Filter>Header Files\cpp_essentials\gx</Filter>
    </ClInclude>
    <ClInclude Include="..\..\..\include\cpp_essentials\geo\bezier.hpp">
      <Filter>Header Files\cpp_essentials\geo</Filter>
    </ClInclude>
    <ClInclude Include="..\..\..\include\cpp_essentials\geo\algorithm.hpp">
      <Filter>Header Files\cpp_essentials\geo</Filter>
    </ClInclude>
    <ClInclude Include="..\..\..\include\cpp_essentials\term\term.hpp">
      <Filter>Header Files\cpp_essentials\term</Filter>
    </ClInclude>
    <ClInclude Include="..\..\..\include\cpp_essentials\proc\distribution.hpp">
      <Filter>Header Files\cpp_essentials\proc</Filter>
    </ClInclude>
    <ClInclude Include="..\..\..\include\cpp_essentials\proc\seed.hpp">
      <Filter>Header Files\cpp_essentials\proc</Filter>
    </ClInclude>
    <ClInclude Include="..\..\..\include\cpp_essentials\proc\perlin.hpp">
      <Filter>Header Files\cpp_essentials\proc</Filter>
    </ClInclude>
    <ClInclude Include="..\..\..\include\cpp_essentials\geo\voronoi.hpp">
      <Filter>Header Files\cpp_essentials\geo</Filter>
    </ClInclude>
  </ItemGroup>
  <ItemGroup>
    <ClCompile Include="main.cpp">
      <Filter>Source Files</Filter>
    </ClCompile>
  </ItemGroup>
</Project>